// !$*UTF8*$!
{
	archiveVersion = 1;
	classes = {
	};
	objectVersion = 46;
	objects = {

/* Begin PBXBuildFile section */
		9231CD841D53B6AF00653849 /* AppDelegate.swift in Sources */ = {isa = PBXBuildFile; fileRef = 9231CD831D53B6AF00653849 /* AppDelegate.swift */; };
		9231CD861D53B6AF00653849 /* ViewController.swift in Sources */ = {isa = PBXBuildFile; fileRef = 9231CD851D53B6AF00653849 /* ViewController.swift */; };
		9231CD891D53B6AF00653849 /* Main.storyboard in Resources */ = {isa = PBXBuildFile; fileRef = 9231CD871D53B6AF00653849 /* Main.storyboard */; };
		9231CD8B1D53B6AF00653849 /* Assets.xcassets in Resources */ = {isa = PBXBuildFile; fileRef = 9231CD8A1D53B6AF00653849 /* Assets.xcassets */; };
		9231CD8E1D53B6AF00653849 /* LaunchScreen.storyboard in Resources */ = {isa = PBXBuildFile; fileRef = 9231CD8C1D53B6AF00653849 /* LaunchScreen.storyboard */; };
		9231CD991D53B6AF00653849 /* TVTestTests.swift in Sources */ = {isa = PBXBuildFile; fileRef = 9231CD981D53B6AF00653849 /* TVTestTests.swift */; };
		9231CDA41D53B6AF00653849 /* TVTestUITests.swift in Sources */ = {isa = PBXBuildFile; fileRef = 9231CDA31D53B6AF00653849 /* TVTestUITests.swift */; };
/* End PBXBuildFile section */

/* Begin PBXContainerItemProxy section */
		9231CD951D53B6AF00653849 /* PBXContainerItemProxy */ = {
			isa = PBXContainerItemProxy;
			containerPortal = 9231CD781D53B6AF00653849 /* Project object */;
			proxyType = 1;
			remoteGlobalIDString = 9231CD7F1D53B6AF00653849;
			remoteInfo = TVTest;
		};
		9231CDA01D53B6AF00653849 /* PBXContainerItemProxy */ = {
			isa = PBXContainerItemProxy;
			containerPortal = 9231CD781D53B6AF00653849 /* Project object */;
			proxyType = 1;
			remoteGlobalIDString = 9231CD7F1D53B6AF00653849;
			remoteInfo = TVTest;
		};
/* End PBXContainerItemProxy section */

/* Begin PBXFileReference section */
		9231CD801D53B6AF00653849 /* TVTest.app */ = {isa = PBXFileReference; explicitFileType = wrapper.application; includeInIndex = 0; path = TVTest.app; sourceTree = BUILT_PRODUCTS_DIR; };
		9231CD831D53B6AF00653849 /* AppDelegate.swift */ = {isa = PBXFileReference; lastKnownFileType = sourcecode.swift; path = AppDelegate.swift; sourceTree = "<group>"; };
		9231CD851D53B6AF00653849 /* ViewController.swift */ = {isa = PBXFileReference; lastKnownFileType = sourcecode.swift; path = ViewController.swift; sourceTree = "<group>"; };
		9231CD881D53B6AF00653849 /* Base */ = {isa = PBXFileReference; lastKnownFileType = file.storyboard; name = Base; path = Base.lproj/Main.storyboard; sourceTree = "<group>"; };
		9231CD8A1D53B6AF00653849 /* Assets.xcassets */ = {isa = PBXFileReference; lastKnownFileType = folder.assetcatalog; path = Assets.xcassets; sourceTree = "<group>"; };
		9231CD8D1D53B6AF00653849 /* Base */ = {isa = PBXFileReference; lastKnownFileType = file.storyboard; name = Base; path = Base.lproj/LaunchScreen.storyboard; sourceTree = "<group>"; };
		9231CD8F1D53B6AF00653849 /* Info.plist */ = {isa = PBXFileReference; lastKnownFileType = text.plist.xml; path = Info.plist; sourceTree = "<group>"; };
		9231CD941D53B6AF00653849 /* TVTestTests.xctest */ = {isa = PBXFileReference; explicitFileType = wrapper.cfbundle; includeInIndex = 0; path = TVTestTests.xctest; sourceTree = BUILT_PRODUCTS_DIR; };
		9231CD981D53B6AF00653849 /* TVTestTests.swift */ = {isa = PBXFileReference; lastKnownFileType = sourcecode.swift; path = TVTestTests.swift; sourceTree = "<group>"; };
		9231CD9A1D53B6AF00653849 /* Info.plist */ = {isa = PBXFileReference; lastKnownFileType = text.plist.xml; path = Info.plist; sourceTree = "<group>"; };
		9231CD9F1D53B6AF00653849 /* TVTestUITests.xctest */ = {isa = PBXFileReference; explicitFileType = wrapper.cfbundle; includeInIndex = 0; path = TVTestUITests.xctest; sourceTree = BUILT_PRODUCTS_DIR; };
		9231CDA31D53B6AF00653849 /* TVTestUITests.swift */ = {isa = PBXFileReference; lastKnownFileType = sourcecode.swift; path = TVTestUITests.swift; sourceTree = "<group>"; };
		9231CDA51D53B6AF00653849 /* Info.plist */ = {isa = PBXFileReference; lastKnownFileType = text.plist.xml; path = Info.plist; sourceTree = "<group>"; };
/* End PBXFileReference section */

/* Begin PBXFrameworksBuildPhase section */
		9231CD7D1D53B6AF00653849 /* Frameworks */ = {
			isa = PBXFrameworksBuildPhase;
			buildActionMask = 2147483647;
			files = (
			);
			runOnlyForDeploymentPostprocessing = 0;
		};
		9231CD911D53B6AF00653849 /* Frameworks */ = {
			isa = PBXFrameworksBuildPhase;
			buildActionMask = 2147483647;
			files = (
			);
			runOnlyForDeploymentPostprocessing = 0;
		};
		9231CD9C1D53B6AF00653849 /* Frameworks */ = {
			isa = PBXFrameworksBuildPhase;
			buildActionMask = 2147483647;
			files = (
			);
			runOnlyForDeploymentPostprocessing = 0;
		};
/* End PBXFrameworksBuildPhase section */

/* Begin PBXGroup section */
		9231CD771D53B6AF00653849 = {
			isa = PBXGroup;
			children = (
				9231CD821D53B6AF00653849 /* TVTest */,
				9231CD971D53B6AF00653849 /* TVTestTests */,
				9231CDA21D53B6AF00653849 /* TVTestUITests */,
				9231CD811D53B6AF00653849 /* Products */,
			);
			sourceTree = "<group>";
		};
		9231CD811D53B6AF00653849 /* Products */ = {
			isa = PBXGroup;
			children = (
				9231CD801D53B6AF00653849 /* TVTest.app */,
				9231CD941D53B6AF00653849 /* TVTestTests.xctest */,
				9231CD9F1D53B6AF00653849 /* TVTestUITests.xctest */,
			);
			name = Products;
			sourceTree = "<group>";
		};
		9231CD821D53B6AF00653849 /* TVTest */ = {
			isa = PBXGroup;
			children = (
				9231CD831D53B6AF00653849 /* AppDelegate.swift */,
				9231CD851D53B6AF00653849 /* ViewController.swift */,
				9231CD871D53B6AF00653849 /* Main.storyboard */,
				9231CD8A1D53B6AF00653849 /* Assets.xcassets */,
				9231CD8C1D53B6AF00653849 /* LaunchScreen.storyboard */,
				9231CD8F1D53B6AF00653849 /* Info.plist */,
			);
			path = TVTest;
			sourceTree = "<group>";
		};
		9231CD971D53B6AF00653849 /* TVTestTests */ = {
			isa = PBXGroup;
			children = (
				9231CD981D53B6AF00653849 /* TVTestTests.swift */,
				9231CD9A1D53B6AF00653849 /* Info.plist */,
			);
			path = TVTestTests;
			sourceTree = "<group>";
		};
		9231CDA21D53B6AF00653849 /* TVTestUITests */ = {
			isa = PBXGroup;
			children = (
				9231CDA31D53B6AF00653849 /* TVTestUITests.swift */,
				9231CDA51D53B6AF00653849 /* Info.plist */,
			);
			path = TVTestUITests;
			sourceTree = "<group>";
		};
/* End PBXGroup section */

/* Begin PBXNativeTarget section */
		9231CD7F1D53B6AF00653849 /* TVTest */ = {
			isa = PBXNativeTarget;
			buildConfigurationList = 9231CDA81D53B6AF00653849 /* Build configuration list for PBXNativeTarget "TVTest" */;
			buildPhases = (
				9231CD7C1D53B6AF00653849 /* Sources */,
				9231CD7D1D53B6AF00653849 /* Frameworks */,
				9231CD7E1D53B6AF00653849 /* Resources */,
			);
			buildRules = (
			);
			dependencies = (
			);
			name = TVTest;
			productName = TVTest;
			productReference = 9231CD801D53B6AF00653849 /* TVTest.app */;
			productType = "com.apple.product-type.application";
		};
		9231CD931D53B6AF00653849 /* TVTestTests */ = {
			isa = PBXNativeTarget;
			buildConfigurationList = 9231CDAB1D53B6AF00653849 /* Build configuration list for PBXNativeTarget "TVTestTests" */;
			buildPhases = (
				9231CD901D53B6AF00653849 /* Sources */,
				9231CD911D53B6AF00653849 /* Frameworks */,
				9231CD921D53B6AF00653849 /* Resources */,
			);
			buildRules = (
			);
			dependencies = (
				9231CD961D53B6AF00653849 /* PBXTargetDependency */,
			);
			name = TVTestTests;
			productName = TVTestTests;
			productReference = 9231CD941D53B6AF00653849 /* TVTestTests.xctest */;
			productType = "com.apple.product-type.bundle.unit-test";
		};
		9231CD9E1D53B6AF00653849 /* TVTestUITests */ = {
			isa = PBXNativeTarget;
			buildConfigurationList = 9231CDAE1D53B6AF00653849 /* Build configuration list for PBXNativeTarget "TVTestUITests" */;
			buildPhases = (
				9231CD9B1D53B6AF00653849 /* Sources */,
				9231CD9C1D53B6AF00653849 /* Frameworks */,
				9231CD9D1D53B6AF00653849 /* Resources */,
			);
			buildRules = (
			);
			dependencies = (
				9231CDA11D53B6AF00653849 /* PBXTargetDependency */,
			);
			name = TVTestUITests;
			productName = TVTestUITests;
			productReference = 9231CD9F1D53B6AF00653849 /* TVTestUITests.xctest */;
			productType = "com.apple.product-type.bundle.ui-testing";
		};
/* End PBXNativeTarget section */

/* Begin PBXProject section */
		9231CD781D53B6AF00653849 /* Project object */ = {
			isa = PBXProject;
			attributes = {
				LastSwiftUpdateCheck = 0730;
				LastUpgradeCheck = 0730;
				TargetAttributes = {
					9231CD7F1D53B6AF00653849 = {
						CreatedOnToolsVersion = 7.3.1;
					};
					9231CD931D53B6AF00653849 = {
						CreatedOnToolsVersion = 7.3.1;
						DevelopmentTeam = TJ452V8K97;
						TestTargetID = 9231CD7F1D53B6AF00653849;
					};
					9231CD9E1D53B6AF00653849 = {
						CreatedOnToolsVersion = 7.3.1;
						DevelopmentTeam = TJ452V8K97;
						TestTargetID = 9231CD7F1D53B6AF00653849;
					};
				};
			};
			buildConfigurationList = 9231CD7B1D53B6AF00653849 /* Build configuration list for PBXProject "TVTest" */;
			compatibilityVersion = "Xcode 3.2";
			developmentRegion = English;
			hasScannedForEncodings = 0;
			knownRegions = (
				en,
				Base,
			);
			mainGroup = 9231CD771D53B6AF00653849;
			productRefGroup = 9231CD811D53B6AF00653849 /* Products */;
			projectDirPath = "";
			projectRoot = "";
			targets = (
				9231CD7F1D53B6AF00653849 /* TVTest */,
				9231CD931D53B6AF00653849 /* TVTestTests */,
				9231CD9E1D53B6AF00653849 /* TVTestUITests */,
			);
		};
/* End PBXProject section */

/* Begin PBXResourcesBuildPhase section */
		9231CD7E1D53B6AF00653849 /* Resources */ = {
			isa = PBXResourcesBuildPhase;
			buildActionMask = 2147483647;
			files = (
				9231CD8E1D53B6AF00653849 /* LaunchScreen.storyboard in Resources */,
				9231CD8B1D53B6AF00653849 /* Assets.xcassets in Resources */,
				9231CD891D53B6AF00653849 /* Main.storyboard in Resources */,
			);
			runOnlyForDeploymentPostprocessing = 0;
		};
		9231CD921D53B6AF00653849 /* Resources */ = {
			isa = PBXResourcesBuildPhase;
			buildActionMask = 2147483647;
			files = (
			);
			runOnlyForDeploymentPostprocessing = 0;
		};
		9231CD9D1D53B6AF00653849 /* Resources */ = {
			isa = PBXResourcesBuildPhase;
			buildActionMask = 2147483647;
			files = (
			);
			runOnlyForDeploymentPostprocessing = 0;
		};
/* End PBXResourcesBuildPhase section */

/* Begin PBXSourcesBuildPhase section */
		9231CD7C1D53B6AF00653849 /* Sources */ = {
			isa = PBXSourcesBuildPhase;
			buildActionMask = 2147483647;
			files = (
				9231CD861D53B6AF00653849 /* ViewController.swift in Sources */,
				9231CD841D53B6AF00653849 /* AppDelegate.swift in Sources */,
			);
			runOnlyForDeploymentPostprocessing = 0;
		};
		9231CD901D53B6AF00653849 /* Sources */ = {
			isa = PBXSourcesBuildPhase;
			buildActionMask = 2147483647;
			files = (
				9231CD991D53B6AF00653849 /* TVTestTests.swift in Sources */,
			);
			runOnlyForDeploymentPostprocessing = 0;
		};
		9231CD9B1D53B6AF00653849 /* Sources */ = {
			isa = PBXSourcesBuildPhase;
			buildActionMask = 2147483647;
			files = (
				9231CDA41D53B6AF00653849 /* TVTestUITests.swift in Sources */,
			);
			runOnlyForDeploymentPostprocessing = 0;
		};
/* End PBXSourcesBuildPhase section */

/* Begin PBXTargetDependency section */
		9231CD961D53B6AF00653849 /* PBXTargetDependency */ = {
			isa = PBXTargetDependency;
			target = 9231CD7F1D53B6AF00653849 /* TVTest */;
			targetProxy = 9231CD951D53B6AF00653849 /* PBXContainerItemProxy */;
		};
		9231CDA11D53B6AF00653849 /* PBXTargetDependency */ = {
			isa = PBXTargetDependency;
			target = 9231CD7F1D53B6AF00653849 /* TVTest */;
			targetProxy = 9231CDA01D53B6AF00653849 /* PBXContainerItemProxy */;
		};
/* End PBXTargetDependency section */

/* Begin PBXVariantGroup section */
		9231CD871D53B6AF00653849 /* Main.storyboard */ = {
			isa = PBXVariantGroup;
			children = (
				9231CD881D53B6AF00653849 /* Base */,
			);
			name = Main.storyboard;
			sourceTree = "<group>";
		};
		9231CD8C1D53B6AF00653849 /* LaunchScreen.storyboard */ = {
			isa = PBXVariantGroup;
			children = (
				9231CD8D1D53B6AF00653849 /* Base */,
			);
			name = LaunchScreen.storyboard;
			sourceTree = "<group>";
		};
/* End PBXVariantGroup section */

/* Begin XCBuildConfiguration section */
		9231CDA61D53B6AF00653849 /* Debug */ = {
			isa = XCBuildConfiguration;
			buildSettings = {
				ALWAYS_SEARCH_USER_PATHS = NO;
				CLANG_ANALYZER_NONNULL = YES;
				CLANG_CXX_LANGUAGE_STANDARD = "gnu++0x";
				CLANG_CXX_LIBRARY = "libc++";
				CLANG_ENABLE_MODULES = YES;
				CLANG_ENABLE_OBJC_ARC = YES;
				CLANG_WARN_BOOL_CONVERSION = YES;
				CLANG_WARN_CONSTANT_CONVERSION = YES;
				CLANG_WARN_DIRECT_OBJC_ISA_USAGE = YES_ERROR;
				CLANG_WARN_EMPTY_BODY = YES;
				CLANG_WARN_ENUM_CONVERSION = YES;
				CLANG_WARN_INT_CONVERSION = YES;
				CLANG_WARN_OBJC_ROOT_CLASS = YES_ERROR;
				CLANG_WARN_UNREACHABLE_CODE = YES;
				CLANG_WARN__DUPLICATE_METHOD_MATCH = YES;
				"CODE_SIGN_IDENTITY[sdk=iphoneos*]" = "iPhone Developer";
				COPY_PHASE_STRIP = NO;
				DEBUG_INFORMATION_FORMAT = dwarf;
				ENABLE_STRICT_OBJC_MSGSEND = YES;
				ENABLE_TESTABILITY = YES;
				GCC_C_LANGUAGE_STANDARD = gnu99;
				GCC_DYNAMIC_NO_PIC = NO;
				GCC_NO_COMMON_BLOCKS = YES;
				GCC_OPTIMIZATION_LEVEL = 0;
				GCC_PREPROCESSOR_DEFINITIONS = (
					"DEBUG=1",
					"$(inherited)",
				);
				GCC_WARN_64_TO_32_BIT_CONVERSION = YES;
				GCC_WARN_ABOUT_RETURN_TYPE = YES_ERROR;
				GCC_WARN_UNDECLARED_SELECTOR = YES;
				GCC_WARN_UNINITIALIZED_AUTOS = YES_AGGRESSIVE;
				GCC_WARN_UNUSED_FUNCTION = YES;
				GCC_WARN_UNUSED_VARIABLE = YES;
				IPHONEOS_DEPLOYMENT_TARGET = 9.3;
				MTL_ENABLE_DEBUG_INFO = YES;
				ONLY_ACTIVE_ARCH = YES;
				SDKROOT = iphoneos;
				SWIFT_OPTIMIZATION_LEVEL = "-Onone";
				TARGETED_DEVICE_FAMILY = "1,2";
			};
			name = Debug;
		};
		9231CDA71D53B6AF00653849 /* Release */ = {
			isa = XCBuildConfiguration;
			buildSettings = {
				ALWAYS_SEARCH_USER_PATHS = NO;
				CLANG_ANALYZER_NONNULL = YES;
				CLANG_CXX_LANGUAGE_STANDARD = "gnu++0x";
				CLANG_CXX_LIBRARY = "libc++";
				CLANG_ENABLE_MODULES = YES;
				CLANG_ENABLE_OBJC_ARC = YES;
				CLANG_WARN_BOOL_CONVERSION = YES;
				CLANG_WARN_CONSTANT_CONVERSION = YES;
				CLANG_WARN_DIRECT_OBJC_ISA_USAGE = YES_ERROR;
				CLANG_WARN_EMPTY_BODY = YES;
				CLANG_WARN_ENUM_CONVERSION = YES;
				CLANG_WARN_INT_CONVERSION = YES;
				CLANG_WARN_OBJC_ROOT_CLASS = YES_ERROR;
				CLANG_WARN_UNREACHABLE_CODE = YES;
				CLANG_WARN__DUPLICATE_METHOD_MATCH = YES;
				"CODE_SIGN_IDENTITY[sdk=iphoneos*]" = "iPhone Developer";
				COPY_PHASE_STRIP = NO;
				DEBUG_INFORMATION_FORMAT = "dwarf-with-dsym";
				ENABLE_NS_ASSERTIONS = NO;
				ENABLE_STRICT_OBJC_MSGSEND = YES;
				GCC_C_LANGUAGE_STANDARD = gnu99;
				GCC_NO_COMMON_BLOCKS = YES;
				GCC_WARN_64_TO_32_BIT_CONVERSION = YES;
				GCC_WARN_ABOUT_RETURN_TYPE = YES_ERROR;
				GCC_WARN_UNDECLARED_SELECTOR = YES;
				GCC_WARN_UNINITIALIZED_AUTOS = YES_AGGRESSIVE;
				GCC_WARN_UNUSED_FUNCTION = YES;
				GCC_WARN_UNUSED_VARIABLE = YES;
				IPHONEOS_DEPLOYMENT_TARGET = 9.3;
				MTL_ENABLE_DEBUG_INFO = NO;
				SDKROOT = iphoneos;
				TARGETED_DEVICE_FAMILY = "1,2";
				VALIDATE_PRODUCT = YES;
			};
			name = Release;
		};
		9231CDA91D53B6AF00653849 /* Debug */ = {
			isa = XCBuildConfiguration;
			buildSettings = {
				ASSETCATALOG_COMPILER_APPICON_NAME = AppIcon;
				CODE_SIGN_IDENTITY = "iPhone Developer";
				INFOPLIST_FILE = TVTest/Info.plist;
				LD_RUNPATH_SEARCH_PATHS = "$(inherited) @executable_path/Frameworks";
				PRODUCT_BUNDLE_IDENTIFIER = com.TVTest;
				PRODUCT_NAME = "$(TARGET_NAME)";
			};
			name = Debug;
		};
		9231CDAA1D53B6AF00653849 /* Release */ = {
			isa = XCBuildConfiguration;
			buildSettings = {
				ASSETCATALOG_COMPILER_APPICON_NAME = AppIcon;
				CODE_SIGN_IDENTITY = "iPhone Developer";
				INFOPLIST_FILE = TVTest/Info.plist;
				LD_RUNPATH_SEARCH_PATHS = "$(inherited) @executable_path/Frameworks";
				PRODUCT_BUNDLE_IDENTIFIER = com.TVTest;
				PRODUCT_NAME = "$(TARGET_NAME)";
			};
			name = Release;
		};
		9231CDAC1D53B6AF00653849 /* Debug */ = {
			isa = XCBuildConfiguration;
			buildSettings = {
				BUNDLE_LOADER = "$(TEST_HOST)";
				INFOPLIST_FILE = TVTestTests/Info.plist;
				LD_RUNPATH_SEARCH_PATHS = "$(inherited) @executable_path/Frameworks @loader_path/Frameworks";
				PRODUCT_BUNDLE_IDENTIFIER = com.TVTestTests;
				PRODUCT_NAME = "$(TARGET_NAME)";
				TEST_HOST = "$(BUILT_PRODUCTS_DIR)/TVTest.app/TVTest";
			};
			name = Debug;
		};
		9231CDAD1D53B6AF00653849 /* Release */ = {
			isa = XCBuildConfiguration;
			buildSettings = {
				BUNDLE_LOADER = "$(TEST_HOST)";
				INFOPLIST_FILE = TVTestTests/Info.plist;
				LD_RUNPATH_SEARCH_PATHS = "$(inherited) @executable_path/Frameworks @loader_path/Frameworks";
				PRODUCT_BUNDLE_IDENTIFIER = com.TVTestTests;
				PRODUCT_NAME = "$(TARGET_NAME)";
				TEST_HOST = "$(BUILT_PRODUCTS_DIR)/TVTest.app/TVTest";
			};
			name = Release;
		};
		9231CDAF1D53B6AF00653849 /* Debug */ = {
			isa = XCBuildConfiguration;
			buildSettings = {
				INFOPLIST_FILE = TVTestUITests/Info.plist;
				LD_RUNPATH_SEARCH_PATHS = "$(inherited) @executable_path/Frameworks @loader_path/Frameworks";
				PRODUCT_BUNDLE_IDENTIFIER = com.TVTestUITests;
				PRODUCT_NAME = "$(TARGET_NAME)";
				TEST_TARGET_NAME = TVTest;
			};
			name = Debug;
		};
		9231CDB01D53B6AF00653849 /* Release */ = {
			isa = XCBuildConfiguration;
			buildSettings = {
				INFOPLIST_FILE = TVTestUITests/Info.plist;
				LD_RUNPATH_SEARCH_PATHS = "$(inherited) @executable_path/Frameworks @loader_path/Frameworks";
				PRODUCT_BUNDLE_IDENTIFIER = com.TVTestUITests;
				PRODUCT_NAME = "$(TARGET_NAME)";
				TEST_TARGET_NAME = TVTest;
			};
			name = Release;
		};
/* End XCBuildConfiguration section */

/* Begin XCConfigurationList section */
		9231CD7B1D53B6AF00653849 /* Build configuration list for PBXProject "TVTest" */ = {
			isa = XCConfigurationList;
			buildConfigurations = (
				9231CDA61D53B6AF00653849 /* Debug */,
				9231CDA71D53B6AF00653849 /* Release */,
			);
			defaultConfigurationIsVisible = 0;
			defaultConfigurationName = Release;
		};
		9231CDA81D53B6AF00653849 /* Build configuration list for PBXNativeTarget "TVTest" */ = {
			isa = XCConfigurationList;
			buildConfigurations = (
				9231CDA91D53B6AF00653849 /* Debug */,
				9231CDAA1D53B6AF00653849 /* Release */,
			);
			defaultConfigurationIsVisible = 0;
		};
		9231CDAB1D53B6AF00653849 /* Build configuration list for PBXNativeTarget "TVTestTests" */ = {
			isa = XCConfigurationList;
			buildConfigurations = (
				9231CDAC1D53B6AF00653849 /* Debug */,
				9231CDAD1D53B6AF00653849 /* Release */,
			);
			defaultConfigurationIsVisible = 0;
		};
		9231CDAE1D53B6AF00653849 /* Build configuration list for PBXNativeTarget "TVTestUITests" */ = {
			isa = XCConfigurationList;
			buildConfigurations = (
				9231CDAF1D53B6AF00653849 /* Debug */,
				9231CDB01D53B6AF00653849 /* Release */,
			);
			defaultConfigurationIsVisible = 0;
		};
/* End XCConfigurationList section */
	};
	rootObject = 9231CD781D53B6AF00653849 /* Project object */;
}
